lockfileVersion: '6.0'

settings:
  autoInstallPeers: true
  excludeLinksFromLockfile: false

dependencies:
  aws-cdk:
    specifier: 2.1141.0
    version: 2.1141.0
  fsevents:
    specifier: 2.3.3
    version: 2.3.3

packages:

  /aws-cdk@2.1141.0:
    resolution: {integrity: sha512-RIKueAoFNYUot/VmlUzPUbecxNCtLzJFqpy/O+vTpjrvDn4k2Uiu9Y/QlVlQzaSJw0qqNNY6ldusJVdkX8aBNA==}
    engines: {node: '>= 18.0.0'}
    hasBin: true
    dev: false

  /fsevents@2.3.3:
    resolution: {integrity: sha512-5xoDfX+fL7faATnagmWPpbFtwh/R77WmMMqqHGS65C3vvB0YHrgF+B1YmZ3441tMj5n63k0212XNoJwzlhffQw==}
    engines: {node: ^8.16.0 || ^10.6.0 || >=11.0.0}
    os: [darwin]
    dev: false
