lockfileVersion: '6.1'

settings:
  autoInstallPeers: true
  excludeLinksFromLockfile: false

dependencies:
  aws-cdk:
    specifier: 2.83.1
    version: 2.83.1
  fsevents:
    specifier: 2.3.2
    version: 2.3.2

packages:

  /aws-cdk@2.83.1:
    resolution: {integrity: sha512-hM2fsHl2TXk3B0MTq7zRU/KqJiVrnTQ3SXbAfleQCfCf/Jpy6yD6nGqrEADFAYNLSPoA9iC3SLnO73SPqqjjRQ==}
    engines: {node: '>= 14.15.0'}
    hasBin: true
    optionalDependencies:
      fsevents: 2.3.2
    dev: false

  /fsevents@2.3.2:
    resolution: {integrity: sha512-xiqMQR4xAeHTuB9uWm+fFRcIOgKBMiOBP+eXiyT7jsgVCq1bkVygt00oASowB7EdtpOHaaPgKt812P9ab+DDKA==}
    engines: {node: ^8.16.0 || ^10.6.0 || >=11.0.0}
    os: [darwin]
    dev: false
