lockfileVersion: '6.0'

settings:
  autoInstallPeers: true
  excludeLinksFromLockfile: false

dependencies:
  aws-cdk:
    specifier: 2.106.0
    version: 2.106.0
  fsevents:
    specifier: 2.3.3
    version: 2.3.3

packages:

  /aws-cdk@2.106.0:
    resolution: {integrity: sha512-/kxjLmlgMR8T67hIq4qR+GvWaI9e+iPvJXFI5cmasMVW5aXVacJ/pGfggvdzja3czG22wXDg5QM7yjZ1xc8qwQ==}
    engines: {node: '>= 14.15.0'}
    hasBin: true
    optionalDependencies:
      fsevents: 2.3.2
    dev: false

  /fsevents@2.3.2:
    resolution: {integrity: sha512-xiqMQR4xAeHTuB9uWm+fFRcIOgKBMiOBP+eXiyT7jsgVCq1bkVygt00oASowB7EdtpOHaaPgKt812P9ab+DDKA==}
    engines: {node: ^8.16.0 || ^10.6.0 || >=11.0.0}
    os: [darwin]
    requiresBuild: true
    dev: false
    optional: true

  /fsevents@2.3.3:
    resolution: {integrity: sha512-5xoDfX+fL7faATnagmWPpbFtwh/R77WmMMqqHGS65C3vvB0YHrgF+B1YmZ3441tMj5n63k0212XNoJwzlhffQw==}
    engines: {node: ^8.16.0 || ^10.6.0 || >=11.0.0}
    os: [darwin]
    dev: false
