github.com/Masterminds/semver/v3 v3.2.0 h1:3MEsd0SM6jqZojhjLWWeBY+Kcjy9i6MQAeY7YgDP83g=
github.com/Masterminds/semver/v3 v3.2.0/go.mod h1:qvl/7zhW3nngYb5+80sSMF+FG2BjYrf8m9wsX0PNOMQ=
github.com/aws/aws-cdk-go/awscdk/v2 v2.58.1 h1:3gi34Y7Z8zmvcxUYnRcQrh2doW/RsXAsy+V1JD1ej7I=
github.com/aws/aws-cdk-go/awscdk/v2 v2.58.1/go.mod h1:C6aU5w7MABoOb+uFDW4DoQuL4bwkE56+AW4G6BYHO4k=
github.com/aws/aws-cdk-go/awscdk/v2 v2.59.0 h1:3s5RSXLarE7wgDYDidQ3IkCYg2XQ+15JahNEHeYEmQM=
github.com/aws/aws-cdk-go/awscdk/v2 v2.59.0/go.mod h1:C6aU5w7MABoOb+uFDW4DoQuL4bwkE56+AW4G6BYHO4k=
github.com/aws/aws-cdk-go/awscdk/v2 v2.60.0 h1:In1/wOIEc6gMZKldHpEbVPu6OXoiLAYqrn2frGJvrFE=
github.com/aws/aws-cdk-go/awscdk/v2 v2.60.0/go.mod h1:MJX3YMog3W0U/7WWTO9SDzzFT7sKCVFSyTWqek6eXIE=
github.com/aws/aws-cdk-go/awscdk/v2 v2.61.0 h1:o72xLY3HPuKcr2IYAw4a/2O6oKq2LfaLCQEmMsgzQGs=
github.com/aws/aws-cdk-go/awscdk/v2 v2.61.0/go.mod h1:q+ex2DD7kAiA97R8wz49wL1EzTUbAm8ylh+Wr1daKOE=
github.com/aws/aws-cdk-go/awscdk/v2 v2.61.1 h1:5M8HQPF3aydoJstLfnlV2WXGWWXjFWiFNU6jC08aNHw=
github.com/aws/aws-cdk-go/awscdk/v2 v2.61.1/go.mod h1:q+ex2DD7kAiA97R8wz49wL1EzTUbAm8ylh+Wr1daKOE=
github.com/aws/aws-cdk-go/awscdk/v2 v2.62.0 h1:b3KG4ZOW+NbY2gOWC0QvdJmReK2yn47h4hk9hLCwDTQ=
github.com/aws/aws-cdk-go/awscdk/v2 v2.62.0/go.mod h1:q+ex2DD7kAiA97R8wz49wL1EzTUbAm8ylh+Wr1daKOE=
github.com/aws/aws-cdk-go/awscdk/v2 v2.62.1 h1:d6Ob9+jeqrbQSLb+Lm9EbG1cGgYwk8zC06eEGmzIKbY=
github.com/aws/aws-cdk-go/awscdk/v2 v2.62.1/go.mod h1:q+ex2DD7kAiA97R8wz49wL1EzTUbAm8ylh+Wr1daKOE=
github.com/aws/aws-cdk-go/awscdk/v2 v2.62.2 h1:W+RQzWGESTOsYYV+P2JWc4ZsIcrPgle6rnHsAD9EBBw=
github.com/aws/aws-cdk-go/awscdk/v2 v2.62.2/go.mod h1:q+ex2DD7kAiA97R8wz49wL1EzTUbAm8ylh+Wr1daKOE=
github.com/aws/aws-cdk-go/awscdk/v2 v2.63.0 h1:KaiUoaeNh6UM3pijHiPe6ng7tN3+9pFPpaVDELvB6UQ=
github.com/aws/aws-cdk-go/awscdk/v2 v2.63.0/go.mod h1:2AHLm7IsgF/c9pFCXRMatF0AaBSL5UvGARn//D6XPxQ=
github.com/aws/aws-cdk-go/awscdk/v2 v2.63.1 h1:RBki4Kz6E631AT2CC+YlN9x5trG3mHT6paPTQy8IrII=
github.com/aws/aws-cdk-go/awscdk/v2 v2.63.1/go.mod h1:2AHLm7IsgF/c9pFCXRMatF0AaBSL5UvGARn//D6XPxQ=
github.com/aws/aws-cdk-go/awscdk/v2 v2.63.2 h1:5MHDM08JZAu9Cs0V4vGP22cpNGNB95ItQZK31xAmmr0=
github.com/aws/aws-cdk-go/awscdk/v2 v2.63.2/go.mod h1:2AHLm7IsgF/c9pFCXRMatF0AaBSL5UvGARn//D6XPxQ=
github.com/aws/aws-cdk-go/awscdk/v2 v2.64.0 h1:kf89I+RIXGiisIRl8IQCKMFDQpCYZazpbjtaLYJ0Mn4=
github.com/aws/aws-cdk-go/awscdk/v2 v2.64.0/go.mod h1:AGXUejp2NX1qZyaEcPpc56qUdou8DQ4juk1N+VhHkas=
github.com/aws/aws-cdk-go/awscdk/v2 v2.65.0 h1:wTA4ZggFgg8jqYkOXeR3/dnGWqjB1zNo3tbwsZFs3FA=
github.com/aws/aws-cdk-go/awscdk/v2 v2.65.0/go.mod h1:QYmq/P6g1Qja3F3vT6+LHYCFlmUp6tlTqbB70uMTz44=
github.com/aws/aws-cdk-go/awscdk/v2 v2.66.0 h1:lhj4Agkz3Do/DKb4mojZ16jbpozHYoWjhhz4zXliOiE=
github.com/aws/aws-cdk-go/awscdk/v2 v2.66.0/go.mod h1:ftGdbpAoJ60Jex8zUWeYhYiVrhC8xUVyPcoDkBHoUM8=
github.com/aws/aws-cdk-go/awscdk/v2 v2.67.0 h1:fKxY8oYygqp5rScwd6SaPLVM85uK3WrFDOcknn/zo3Q=
github.com/aws/aws-cdk-go/awscdk/v2 v2.67.0/go.mod h1:VUgy7k4jFLyep9Mm4f1aKLpji2w5nQs7mxDrw49SN40=
github.com/aws/aws-cdk-go/awscdk/v2 v2.68.0 h1:E36KX7omik91zsdqm6Ors6cC+9QiW2syv0ojOIXJRaU=
github.com/aws/aws-cdk-go/awscdk/v2 v2.68.0/go.mod h1:xzY1gUhPppU3jo/ckWLKzZOz8hGeDbCKwl4Io/rGx1s=
github.com/aws/aws-cdk-go/awscdk/v2 v2.69.0 h1:sHeF0GdTFSLbQgPeNNGpNEJUoZEnKslsjwLsI2que0w=
github.com/aws/aws-cdk-go/awscdk/v2 v2.69.0/go.mod h1:xzY1gUhPppU3jo/ckWLKzZOz8hGeDbCKwl4Io/rGx1s=
github.com/aws/aws-cdk-go/awscdk/v2 v2.70.0 h1:jmwMjdiJWAsfk0xwn4dQkUxVnR79vS0kWNVb6Xt/Bhc=
github.com/aws/aws-cdk-go/awscdk/v2 v2.70.0/go.mod h1:xzY1gUhPppU3jo/ckWLKzZOz8hGeDbCKwl4Io/rGx1s=
github.com/aws/aws-cdk-go/awscdk/v2 v2.71.0 h1:Lf0WVU7Joy6t+vdIMJX4DGkKPqU7Y65Ihv51BLB9bgw=
github.com/aws/aws-cdk-go/awscdk/v2 v2.71.0/go.mod h1:xzY1gUhPppU3jo/ckWLKzZOz8hGeDbCKwl4Io/rGx1s=
github.com/aws/aws-cdk-go/awscdk/v2 v2.73.0 h1:1N/nhX7pEgG1oFnoIWZCQzKS8sgjQ760AmsPZDLy+Bk=
github.com/aws/aws-cdk-go/awscdk/v2 v2.73.0/go.mod h1:9iJvj+6EXwEG0W6ynS5N960MXMUD3VMhVKe12UkXTOc=
github.com/aws/constructs-go/constructs/v10 v10.1.189 h1:PmI42w6gXXcXBMZgx6KO0ndHb5xGyUcndV39/nPzxMU=
github.com/aws/constructs-go/constructs/v10 v10.1.189/go.mod h1:Jx57tX1dGJwvmOiqKPIZEUDPY9xKRCd1zag5cg1u5aw=
github.com/aws/constructs-go/constructs/v10 v10.1.209 h1:qExv2duAr/vdAUOfwFJ9J4N3Xf1ldWeRY4+38W6k0nE=
github.com/aws/constructs-go/constructs/v10 v10.1.209/go.mod h1:Jx57tX1dGJwvmOiqKPIZEUDPY9xKRCd1zag5cg1u5aw=
github.com/aws/constructs-go/constructs/v10 v10.1.216 h1:7CbFxlA8UET9MwB9D6ylnlkMapqFsGcnbFaYyIsw40I=
github.com/aws/constructs-go/constructs/v10 v10.1.216/go.mod h1:VEBihwbAahg1Y5bAma05g20t+OeBjLuTnWecZ8/jsSQ=
github.com/aws/constructs-go/constructs/v10 v10.1.235 h1:zm45fOuxw69mljpGljMyVnUj4Euca+TMoLMqvNVnKqU=
github.com/aws/constructs-go/constructs/v10 v10.1.235/go.mod h1:NQCsWiRt2o0knY6ZhoQqJXQuvVOPuWOijrVWJH+FEzE=
github.com/aws/constructs-go/constructs/v10 v10.1.237 h1:HzCkJhP2TUIcIHSKhLY+dSfGDV3O/z+nhBd0qVM1dIc=
github.com/aws/constructs-go/constructs/v10 v10.1.237/go.mod h1:NQCsWiRt2o0knY6ZhoQqJXQuvVOPuWOijrVWJH+FEzE=
github.com/aws/constructs-go/constructs/v10 v10.1.249 h1:zlmGqbMdlOQMePB++ziVIr33EM/tRMeRHoRA0TUi8Xg=
github.com/aws/constructs-go/constructs/v10 v10.1.249/go.mod h1:NQCsWiRt2o0knY6ZhoQqJXQuvVOPuWOijrVWJH+FEzE=
github.com/aws/constructs-go/constructs/v10 v10.1.252 h1:lithB2g+jVDlXqJL5rVMYx2iQStWh7cpZlAi63fTWvA=
github.com/aws/constructs-go/constructs/v10 v10.1.252/go.mod h1:DCdBSjN04Ck2pajCacTD4RKFqSA7Utya8d62XreYctI=
github.com/aws/constructs-go/constructs/v10 v10.1.264 h1:9rSZpmOV65fSAUtSiLLi0T9gvLIJApm2p/JgNiryVd4=
github.com/aws/constructs-go/constructs/v10 v10.1.264/go.mod h1:H7d+FYvledkYjLK+8cUqu+gMD5sA6VoMMbvVzLNzu98=
github.com/aws/constructs-go/constructs/v10 v10.1.270 h1:MDjG2YpaauSCjl230HLRo+AD6vNclPv148zkFEn4cSc=
github.com/aws/constructs-go/constructs/v10 v10.1.270/go.mod h1:0kRYiOOoiEo4YOzVYzonyhdYs78G89qLl0YeasyIONA=
github.com/aws/jsii-runtime-go v1.72.0 h1:5jMBCUu/qINj0hSt08gkyVyKRbrRBb9RV8ETGxTb+lo=
github.com/aws/jsii-runtime-go v1.72.0/go.mod h1:lExVNqTnEcbS/NMnuovDrHohgmPK3IsGdqvaYLA+N1s=
github.com/aws/jsii-runtime-go v1.73.0 h1:4ncTOPq5SAHI0KgkP1ZdH49hRYVE3VCOZKqtilvvbnc=
github.com/aws/jsii-runtime-go v1.73.0/go.mod h1:Li7bq0fd6cg3hbRmYQf3l2VOF9dRwF9fLk3GgHOsHVQ=
github.com/aws/jsii-runtime-go v1.74.0 h1:8Ol3FA5PaBbJbCKTQhrqfImUHsfm3ClxFc5011fqjZo=
github.com/aws/jsii-runtime-go v1.74.0/go.mod h1:a4Kwj7hIHXOVtFE2swJTSb5Om9bVY3EorQRnyRyfmME=
github.com/aws/jsii-runtime-go v1.75.0 h1:NhpUfyiL7/wsRuUekFsz8FFBCYLfPD/l61kKg9kL/a4=
github.com/aws/jsii-runtime-go v1.75.0/go.mod h1:TKCyrtM0pygEPo4rDZzbMSDNCDNTSYSN6/mGyHI6O3I=
github.com/aws/jsii-runtime-go v1.76.0 h1:LGkSEhyVgZTAN2axMdGNwpVk+DIJ8jg7iUn9gy7h74k=
github.com/aws/jsii-runtime-go v1.76.0/go.mod h1:1YWJ9VJ3bwe03Nsq2rsGFA0uQIiJZo0FEKfxK6j7cGg=
github.com/aws/jsii-runtime-go v1.77.0 h1:jhb0H395us+QzIG3yUuzgoP63cL2YQPnSlMQ572WoYM=
github.com/aws/jsii-runtime-go v1.77.0/go.mod h1:1YWJ9VJ3bwe03Nsq2rsGFA0uQIiJZo0FEKfxK6j7cGg=
github.com/aws/jsii-runtime-go v1.78.1 h1:3yZi/iUlqe7SVLgbbEMge1vC4QxCC8vsgnuNENE9Qhk=
github.com/aws/jsii-runtime-go v1.78.1/go.mod h1:4IGCggNIyxe54k/INmsXrEjx9hUYQGw2W7a1I5x6l78=
github.com/cdklabs/awscdk-asset-awscli-go/awscliv1/v2 v2.2.30 h1:ryT4dP31QvXF7SO3mij6ir+8JBRaHyv1NSd2seUgpH4=
github.com/cdklabs/awscdk-asset-awscli-go/awscliv1/v2 v2.2.30/go.mod h1:tlNrUd0+vEvsVTA0C1lE0p2txRPrnK53kb44hCuxdDI=
github.com/cdklabs/awscdk-asset-awscli-go/awscliv1/v2 v2.2.49 h1:B4SHdaXpWWDcaX1uiLY8EZBqSkNkTVn8tIWjgupFuvY=
github.com/cdklabs/awscdk-asset-awscli-go/awscliv1/v2 v2.2.49/go.mod h1:tlNrUd0+vEvsVTA0C1lE0p2txRPrnK53kb44hCuxdDI=
github.com/cdklabs/awscdk-asset-awscli-go/awscliv1/v2 v2.2.52 h1:7Dxm/vUUDpTiwA8A+1kNalfQUxxv4PE0koAqXM/2yKo=
github.com/cdklabs/awscdk-asset-awscli-go/awscliv1/v2 v2.2.52/go.mod h1:6YA9iy+L7sMv01drwaY/hJtzxsfhZUaXP0M3BtTpSEQ=
github.com/cdklabs/awscdk-asset-awscli-go/awscliv1/v2 v2.2.66 h1:MH6Drq9BNJ/pCAxH1Z/C9YMin/Y+Xx1TcYD8kEQ6fg0=
github.com/cdklabs/awscdk-asset-awscli-go/awscliv1/v2 v2.2.66/go.mod h1:p82hlm5FlyE6brOEzGFX7qCutSS6ENYZq8cfmdxnz7c=
github.com/cdklabs/awscdk-asset-awscli-go/awscliv1/v2 v2.2.69 h1:tBYkXsZV9awN2CqX+bLaNlVoxCEY5+RwWXjdv/9l5ko=
github.com/cdklabs/awscdk-asset-awscli-go/awscliv1/v2 v2.2.69/go.mod h1:FqlSJCY2fCFV9nJIba7v5atWvW1rcAQzriPaxIAoOOs=
github.com/cdklabs/awscdk-asset-awscli-go/awscliv1/v2 v2.2.85 h1:jBShDV9n1+A4UBPL/C6j8i5r5/CTdu6sfDY/AC3kn2g=
github.com/cdklabs/awscdk-asset-awscli-go/awscliv1/v2 v2.2.85/go.mod h1:nvX6KMbARCyDZKawXh7LoWP4GYtKNQs2gzl9OPOKCq8=
github.com/cdklabs/awscdk-asset-awscli-go/awscliv1/v2 v2.2.97 h1:djh/IxEOenTcd3r5PqdI/oG+0DejpcDFgc7YzCjVQW4=
github.com/cdklabs/awscdk-asset-awscli-go/awscliv1/v2 v2.2.97/go.mod h1:PkuOc2PJS/vvkezj7ROedaZ9RrIH6BFy07izhAn4ZQ8=
github.com/cdklabs/awscdk-asset-kubectl-go/kubectlv20/v2 v2.1.1 h1:l5N27aCCjAB5cgW5pI4/ujnasPL8hUcJ9KBxrKk6UiQ=
github.com/cdklabs/awscdk-asset-kubectl-go/kubectlv20/v2 v2.1.1/go.mod h1:CvFHBo0qcg8LUkJqIxQtP1rD/sNGv9bX3L2vHT2FUAo=
github.com/cdklabs/awscdk-asset-node-proxy-agent-go/nodeproxyagentv5/v2 v2.0.38 h1:IgRq7F3odfHx5cnb+ejlMV+jGTmNOH7pJnSt8ownfvc=
github.com/cdklabs/awscdk-asset-node-proxy-agent-go/nodeproxyagentv5/v2 v2.0.38/go.mod h1:nh+vhRCLVkw4XOCpller0iKwUxQSs7PbRZnaQ4WoqSw=
github.com/cdklabs/awscdk-asset-node-proxy-agent-go/nodeproxyagentv5/v2 v2.0.42 h1:egSFV3b26BddgDs/PySpmgEB2YZYJWZT0dKXXnyoAbg=
github.com/cdklabs/awscdk-asset-node-proxy-agent-go/nodeproxyagentv5/v2 v2.0.42/go.mod h1:SWNTwiQdfSroDD4A7latQE2vioYXujeW15t58XBy0sE=
github.com/cdklabs/awscdk-asset-node-proxy-agent-go/nodeproxyagentv5/v2 v2.0.55 h1:9PaJRn6vOlIp/SkNN0Y+cNkQ15KRSc3eb6XkcEXUts4=
github.com/cdklabs/awscdk-asset-node-proxy-agent-go/nodeproxyagentv5/v2 v2.0.55/go.mod h1:MS7Ybp9jA3HhDp4/ahe2hUFrUcqRR8eUPv8g+Xb7snw=
github.com/cdklabs/awscdk-asset-node-proxy-agent-go/nodeproxyagentv5/v2 v2.0.58 h1:B3Ni87y53kiRaP5PtSgwJg62K2xlphbRNDHbw20Ed7g=
github.com/cdklabs/awscdk-asset-node-proxy-agent-go/nodeproxyagentv5/v2 v2.0.58/go.mod h1:XgZTTBL1l2C60ABdR0VEVz4wNvlFI1Rm2Yr8YXdM/4Q=
github.com/cdklabs/awscdk-asset-node-proxy-agent-go/nodeproxyagentv5/v2 v2.0.71 h1:w+FklmvxhlhA+lUbruXHNdLXqBhPBXZ0ZoFso++H1/8=
github.com/cdklabs/awscdk-asset-node-proxy-agent-go/nodeproxyagentv5/v2 v2.0.71/go.mod h1:ZB4c64jFJQ+AlbT/4PyAXD0tBKtHijCYPuTn7x7NKro=
github.com/cdklabs/awscdk-asset-node-proxy-agent-go/nodeproxyagentv5/v2 v2.0.77 h1:Dz48ATZZyiWfGc93tUyCZh7Aoquno5G7g/azPYnlRdI=
github.com/cdklabs/awscdk-asset-node-proxy-agent-go/nodeproxyagentv5/v2 v2.0.77/go.mod h1:xuNRPgwJuKObjPrOjEI7kv7A0Z8F1lNiwSdCEFJQfMc=
