github.com/Masterminds/semver/v3 v3.2.0 h1:3MEsd0SM6jqZojhjLWWeBY+Kcjy9i6MQAeY7YgDP83g=
github.com/Masterminds/semver/v3 v3.2.0/go.mod h1:qvl/7zhW3nngYb5+80sSMF+FG2BjYrf8m9wsX0PNOMQ=
github.com/aws/aws-cdk-go/awscdk/v2 v2.58.1 h1:3gi34Y7Z8zmvcxUYnRcQrh2doW/RsXAsy+V1JD1ej7I=
github.com/aws/aws-cdk-go/awscdk/v2 v2.58.1/go.mod h1:C6aU5w7MABoOb+uFDW4DoQuL4bwkE56+AW4G6BYHO4k=
github.com/aws/constructs-go/constructs/v10 v10.1.189 h1:PmI42w6gXXcXBMZgx6KO0ndHb5xGyUcndV39/nPzxMU=
github.com/aws/constructs-go/constructs/v10 v10.1.189/go.mod h1:Jx57tX1dGJwvmOiqKPIZEUDPY9xKRCd1zag5cg1u5aw=
github.com/aws/jsii-runtime-go v1.72.0 h1:5jMBCUu/qINj0hSt08gkyVyKRbrRBb9RV8ETGxTb+lo=
github.com/aws/jsii-runtime-go v1.72.0/go.mod h1:lExVNqTnEcbS/NMnuovDrHohgmPK3IsGdqvaYLA+N1s=
github.com/cdklabs/awscdk-asset-awscli-go/awscliv1/v2 v2.2.30 h1:ryT4dP31QvXF7SO3mij6ir+8JBRaHyv1NSd2seUgpH4=
github.com/cdklabs/awscdk-asset-awscli-go/awscliv1/v2 v2.2.30/go.mod h1:tlNrUd0+vEvsVTA0C1lE0p2txRPrnK53kb44hCuxdDI=
github.com/cdklabs/awscdk-asset-kubectl-go/kubectlv20/v2 v2.1.1 h1:l5N27aCCjAB5cgW5pI4/ujnasPL8hUcJ9KBxrKk6UiQ=
github.com/cdklabs/awscdk-asset-kubectl-go/kubectlv20/v2 v2.1.1/go.mod h1:CvFHBo0qcg8LUkJqIxQtP1rD/sNGv9bX3L2vHT2FUAo=
github.com/cdklabs/awscdk-asset-node-proxy-agent-go/nodeproxyagentv5/v2 v2.0.38 h1:IgRq7F3odfHx5cnb+ejlMV+jGTmNOH7pJnSt8ownfvc=
github.com/cdklabs/awscdk-asset-node-proxy-agent-go/nodeproxyagentv5/v2 v2.0.38/go.mod h1:nh+vhRCLVkw4XOCpller0iKwUxQSs7PbRZnaQ4WoqSw=
