github.com/Masterminds/semver/v3 v3.2.0 h1:3MEsd0SM6jqZojhjLWWeBY+Kcjy9i6MQAeY7YgDP83g=
github.com/Masterminds/semver/v3 v3.2.0/go.mod h1:qvl/7zhW3nngYb5+80sSMF+FG2BjYrf8m9wsX0PNOMQ=
github.com/Masterminds/semver/v3 v3.2.1 h1:RN9w6+7QoMeJVGyfmbcgs28Br8cvmnucEXnY0rYXWg0=
github.com/Masterminds/semver/v3 v3.2.1/go.mod h1:qvl/7zhW3nngYb5+80sSMF+FG2BjYrf8m9wsX0PNOMQ=
github.com/aws/aws-cdk-go/awscdk/v2 v2.58.1 h1:3gi34Y7Z8zmvcxUYnRcQrh2doW/RsXAsy+V1JD1ej7I=
github.com/aws/aws-cdk-go/awscdk/v2 v2.58.1/go.mod h1:C6aU5w7MABoOb+uFDW4DoQuL4bwkE56+AW4G6BYHO4k=
github.com/aws/aws-cdk-go/awscdk/v2 v2.59.0 h1:3s5RSXLarE7wgDYDidQ3IkCYg2XQ+15JahNEHeYEmQM=
github.com/aws/aws-cdk-go/awscdk/v2 v2.59.0/go.mod h1:C6aU5w7MABoOb+uFDW4DoQuL4bwkE56+AW4G6BYHO4k=
github.com/aws/aws-cdk-go/awscdk/v2 v2.60.0 h1:In1/wOIEc6gMZKldHpEbVPu6OXoiLAYqrn2frGJvrFE=
github.com/aws/aws-cdk-go/awscdk/v2 v2.60.0/go.mod h1:MJX3YMog3W0U/7WWTO9SDzzFT7sKCVFSyTWqek6eXIE=
github.com/aws/aws-cdk-go/awscdk/v2 v2.61.0 h1:o72xLY3HPuKcr2IYAw4a/2O6oKq2LfaLCQEmMsgzQGs=
github.com/aws/aws-cdk-go/awscdk/v2 v2.61.0/go.mod h1:q+ex2DD7kAiA97R8wz49wL1EzTUbAm8ylh+Wr1daKOE=
github.com/aws/aws-cdk-go/awscdk/v2 v2.61.1 h1:5M8HQPF3aydoJstLfnlV2WXGWWXjFWiFNU6jC08aNHw=
github.com/aws/aws-cdk-go/awscdk/v2 v2.61.1/go.mod h1:q+ex2DD7kAiA97R8wz49wL1EzTUbAm8ylh+Wr1daKOE=
github.com/aws/aws-cdk-go/awscdk/v2 v2.62.0 h1:b3KG4ZOW+NbY2gOWC0QvdJmReK2yn47h4hk9hLCwDTQ=
github.com/aws/aws-cdk-go/awscdk/v2 v2.62.0/go.mod h1:q+ex2DD7kAiA97R8wz49wL1EzTUbAm8ylh+Wr1daKOE=
github.com/aws/aws-cdk-go/awscdk/v2 v2.62.1 h1:d6Ob9+jeqrbQSLb+Lm9EbG1cGgYwk8zC06eEGmzIKbY=
github.com/aws/aws-cdk-go/awscdk/v2 v2.62.1/go.mod h1:q+ex2DD7kAiA97R8wz49wL1EzTUbAm8ylh+Wr1daKOE=
github.com/aws/aws-cdk-go/awscdk/v2 v2.62.2 h1:W+RQzWGESTOsYYV+P2JWc4ZsIcrPgle6rnHsAD9EBBw=
github.com/aws/aws-cdk-go/awscdk/v2 v2.62.2/go.mod h1:q+ex2DD7kAiA97R8wz49wL1EzTUbAm8ylh+Wr1daKOE=
github.com/aws/aws-cdk-go/awscdk/v2 v2.63.0 h1:KaiUoaeNh6UM3pijHiPe6ng7tN3+9pFPpaVDELvB6UQ=
github.com/aws/aws-cdk-go/awscdk/v2 v2.63.0/go.mod h1:2AHLm7IsgF/c9pFCXRMatF0AaBSL5UvGARn//D6XPxQ=
github.com/aws/aws-cdk-go/awscdk/v2 v2.63.1 h1:RBki4Kz6E631AT2CC+YlN9x5trG3mHT6paPTQy8IrII=
github.com/aws/aws-cdk-go/awscdk/v2 v2.63.1/go.mod h1:2AHLm7IsgF/c9pFCXRMatF0AaBSL5UvGARn//D6XPxQ=
github.com/aws/aws-cdk-go/awscdk/v2 v2.63.2 h1:5MHDM08JZAu9Cs0V4vGP22cpNGNB95ItQZK31xAmmr0=
github.com/aws/aws-cdk-go/awscdk/v2 v2.63.2/go.mod h1:2AHLm7IsgF/c9pFCXRMatF0AaBSL5UvGARn//D6XPxQ=
github.com/aws/aws-cdk-go/awscdk/v2 v2.64.0 h1:kf89I+RIXGiisIRl8IQCKMFDQpCYZazpbjtaLYJ0Mn4=
github.com/aws/aws-cdk-go/awscdk/v2 v2.64.0/go.mod h1:AGXUejp2NX1qZyaEcPpc56qUdou8DQ4juk1N+VhHkas=
github.com/aws/aws-cdk-go/awscdk/v2 v2.65.0 h1:wTA4ZggFgg8jqYkOXeR3/dnGWqjB1zNo3tbwsZFs3FA=
github.com/aws/aws-cdk-go/awscdk/v2 v2.65.0/go.mod h1:QYmq/P6g1Qja3F3vT6+LHYCFlmUp6tlTqbB70uMTz44=
github.com/aws/aws-cdk-go/awscdk/v2 v2.66.0 h1:lhj4Agkz3Do/DKb4mojZ16jbpozHYoWjhhz4zXliOiE=
github.com/aws/aws-cdk-go/awscdk/v2 v2.66.0/go.mod h1:ftGdbpAoJ60Jex8zUWeYhYiVrhC8xUVyPcoDkBHoUM8=
github.com/aws/aws-cdk-go/awscdk/v2 v2.67.0 h1:fKxY8oYygqp5rScwd6SaPLVM85uK3WrFDOcknn/zo3Q=
github.com/aws/aws-cdk-go/awscdk/v2 v2.67.0/go.mod h1:VUgy7k4jFLyep9Mm4f1aKLpji2w5nQs7mxDrw49SN40=
github.com/aws/aws-cdk-go/awscdk/v2 v2.68.0 h1:E36KX7omik91zsdqm6Ors6cC+9QiW2syv0ojOIXJRaU=
github.com/aws/aws-cdk-go/awscdk/v2 v2.68.0/go.mod h1:xzY1gUhPppU3jo/ckWLKzZOz8hGeDbCKwl4Io/rGx1s=
github.com/aws/aws-cdk-go/awscdk/v2 v2.69.0 h1:sHeF0GdTFSLbQgPeNNGpNEJUoZEnKslsjwLsI2que0w=
github.com/aws/aws-cdk-go/awscdk/v2 v2.69.0/go.mod h1:xzY1gUhPppU3jo/ckWLKzZOz8hGeDbCKwl4Io/rGx1s=
github.com/aws/aws-cdk-go/awscdk/v2 v2.70.0 h1:jmwMjdiJWAsfk0xwn4dQkUxVnR79vS0kWNVb6Xt/Bhc=
github.com/aws/aws-cdk-go/awscdk/v2 v2.70.0/go.mod h1:xzY1gUhPppU3jo/ckWLKzZOz8hGeDbCKwl4Io/rGx1s=
github.com/aws/aws-cdk-go/awscdk/v2 v2.71.0 h1:Lf0WVU7Joy6t+vdIMJX4DGkKPqU7Y65Ihv51BLB9bgw=
github.com/aws/aws-cdk-go/awscdk/v2 v2.71.0/go.mod h1:xzY1gUhPppU3jo/ckWLKzZOz8hGeDbCKwl4Io/rGx1s=
github.com/aws/aws-cdk-go/awscdk/v2 v2.73.0 h1:1N/nhX7pEgG1oFnoIWZCQzKS8sgjQ760AmsPZDLy+Bk=
github.com/aws/aws-cdk-go/awscdk/v2 v2.73.0/go.mod h1:9iJvj+6EXwEG0W6ynS5N960MXMUD3VMhVKe12UkXTOc=
github.com/aws/aws-cdk-go/awscdk/v2 v2.74.0 h1:x8PMwgqs7yBqrpD3TUh9WoqBTOQ6z5pIbcw3w+ep6yk=
github.com/aws/aws-cdk-go/awscdk/v2 v2.74.0/go.mod h1:9iJvj+6EXwEG0W6ynS5N960MXMUD3VMhVKe12UkXTOc=
github.com/aws/aws-cdk-go/awscdk/v2 v2.75.0 h1:5jE9/kMQ11bghMG8K12Ajf7F+7HJz7nwc28bwgpjuBw=
github.com/aws/aws-cdk-go/awscdk/v2 v2.75.0/go.mod h1:9iJvj+6EXwEG0W6ynS5N960MXMUD3VMhVKe12UkXTOc=
github.com/aws/aws-cdk-go/awscdk/v2 v2.76.0 h1:Tb9er5YGccWB/xLJcKWl+eJSXkAYFeSAbG4CJBFYoRA=
github.com/aws/aws-cdk-go/awscdk/v2 v2.76.0/go.mod h1:9iJvj+6EXwEG0W6ynS5N960MXMUD3VMhVKe12UkXTOc=
github.com/aws/aws-cdk-go/awscdk/v2 v2.77.0 h1:Id1IfBjlaDvltY5SAc/jnLlCATNTvLTYrT9lNVAovpM=
github.com/aws/aws-cdk-go/awscdk/v2 v2.77.0/go.mod h1:9iJvj+6EXwEG0W6ynS5N960MXMUD3VMhVKe12UkXTOc=
github.com/aws/aws-cdk-go/awscdk/v2 v2.79.1 h1:yF9VqARAyvt7KyCOWraP6LUCQp1Si+bX87pn4WpSrGA=
github.com/aws/aws-cdk-go/awscdk/v2 v2.79.1/go.mod h1:XjXmivMDwzJBh/yX3tKA0lfdrvl/oNRykKmI3jZ90hw=
github.com/aws/aws-cdk-go/awscdk/v2 v2.80.0 h1:kIdfrGevtwiWksiqYmPcBva87zh2eBk0MobYD6uR13c=
github.com/aws/aws-cdk-go/awscdk/v2 v2.80.0/go.mod h1:wk7IiL79HMGV1MgJD4bCYwqOoPIYHqP7xyN5/ASyyfo=
github.com/aws/aws-cdk-go/awscdk/v2 v2.81.0 h1:FKEhLX/R3kaq+n1762aDopfSt86pAqb7hNx0jMlJYH0=
github.com/aws/aws-cdk-go/awscdk/v2 v2.81.0/go.mod h1:Jyy27U909IuC6bKytIkrHSt0/Hlp3Aq2uVx8L9H3UKg=
github.com/aws/aws-cdk-go/awscdk/v2 v2.82.0 h1:zpTBCfM8vt2dXCHvkWNWlkeZsyb6nI00+jr1kkjJe1Y=
github.com/aws/aws-cdk-go/awscdk/v2 v2.82.0/go.mod h1:Jyy27U909IuC6bKytIkrHSt0/Hlp3Aq2uVx8L9H3UKg=
github.com/aws/aws-cdk-go/awscdk/v2 v2.83.0 h1:+eZIwoSwYjhJvgPPJE5mx7xJokqniUn2VGXbC+6xgCo=
github.com/aws/aws-cdk-go/awscdk/v2 v2.83.0/go.mod h1:Jyy27U909IuC6bKytIkrHSt0/Hlp3Aq2uVx8L9H3UKg=
github.com/aws/aws-cdk-go/awscdk/v2 v2.83.1 h1:Z9apVKNwpi0nhXyOi7FXNMK2cUKNtnCm+jdbzQWGPgI=
github.com/aws/aws-cdk-go/awscdk/v2 v2.83.1/go.mod h1:Jyy27U909IuC6bKytIkrHSt0/Hlp3Aq2uVx8L9H3UKg=
github.com/aws/aws-cdk-go/awscdk/v2 v2.84.0 h1:jKPhzgb4G+bqHfZj9pPdFtbJQ+5IyOGgOukC7qHZ/LI=
github.com/aws/aws-cdk-go/awscdk/v2 v2.84.0/go.mod h1:Jyy27U909IuC6bKytIkrHSt0/Hlp3Aq2uVx8L9H3UKg=
github.com/aws/aws-cdk-go/awscdk/v2 v2.85.0 h1:B8BDjskeSYhWSgUGTWCHZzaVw24C8M9ZCXGJR0nhzG8=
github.com/aws/aws-cdk-go/awscdk/v2 v2.85.0/go.mod h1:iogM4eeovumXJvaYmFMc/HtUv7TgOrU/A8b4RlY1eAY=
github.com/aws/aws-cdk-go/awscdk/v2 v2.86.0 h1:z6QzaEOIBl4ohHqHLzVVbyr4t7c4xxBF/uGGM9+T8nU=
github.com/aws/aws-cdk-go/awscdk/v2 v2.86.0/go.mod h1:MGf/T/lM5DPxbcROXrsUJg0O8oo1AxPuefHAvN8ohW8=
github.com/aws/aws-cdk-go/awscdk/v2 v2.87.0 h1:9/yseRcbylK+rJ6SECkgClR7ueY7utQvDQGa0MvcZ8k=
github.com/aws/aws-cdk-go/awscdk/v2 v2.87.0/go.mod h1:MGf/T/lM5DPxbcROXrsUJg0O8oo1AxPuefHAvN8ohW8=
github.com/aws/aws-cdk-go/awscdk/v2 v2.88.0 h1:DDb2oXSRO5YEPDeDO9lj0WEIre1N/pm22/xkVL9ihyY=
github.com/aws/aws-cdk-go/awscdk/v2 v2.88.0/go.mod h1:Vl/k82NcfpboSPCTfVjnH323A+C6u+1EaN1xcJMlJeI=
github.com/aws/aws-cdk-go/awscdk/v2 v2.90.0 h1:W60NLSJsAouLHmVjgIEuA/LgOYJx75Hu3v+DHbZesbo=
github.com/aws/aws-cdk-go/awscdk/v2 v2.90.0/go.mod h1:iWDNt4/JZK5JggHfCszeIG4gxIuMqsCDqwzM+ayrwUQ=
github.com/aws/aws-cdk-go/awscdk/v2 v2.91.0 h1:2rvSqNNrW7OaUweF+N7IK2vm6Oq7Fg3yQLLc7Bjh7Dw=
github.com/aws/aws-cdk-go/awscdk/v2 v2.91.0/go.mod h1:C2Z7W0MZdRHeaiA+E4jvjPfotpnqd0V5c6Q0EbI7H5Y=
github.com/aws/aws-cdk-go/awscdk/v2 v2.92.0 h1:WHuGUFhfxKHtW8nMGuDFxASqQgsilVnnG4ccxUKbKwk=
github.com/aws/aws-cdk-go/awscdk/v2 v2.92.0/go.mod h1:xHdZBCDNS8GkKHc8kzwRtQUOf+V47dUT9A/Sn+cmPkw=
github.com/aws/aws-cdk-go/awscdk/v2 v2.93.0 h1:HTJcpl7VX1Ru9unU/nKaYjmWldTlh4R2xF8znciFMVg=
github.com/aws/aws-cdk-go/awscdk/v2 v2.93.0/go.mod h1:xHdZBCDNS8GkKHc8kzwRtQUOf+V47dUT9A/Sn+cmPkw=
github.com/aws/aws-cdk-go/awscdk/v2 v2.94.0 h1:6qmcfYsqymrhfmb2WqrL2jC1uowhdJuyvkkAHJmkdT0=
github.com/aws/aws-cdk-go/awscdk/v2 v2.94.0/go.mod h1:0HMIUTNhy228wx8J/O5sHPCE+yWP0kiomWjmCctSnRY=
github.com/aws/aws-cdk-go/awscdk/v2 v2.95.1 h1:XDik50FubLMLvbrRM9IkV3xGyDBDULFYA3QBDgeSZ4g=
github.com/aws/aws-cdk-go/awscdk/v2 v2.95.1/go.mod h1:0HMIUTNhy228wx8J/O5sHPCE+yWP0kiomWjmCctSnRY=
github.com/aws/aws-cdk-go/awscdk/v2 v2.100.0 h1:hz41UnOI5Vq61oH+5gr2BvoijIf6k1lxXOxCoJzw/Uw=
github.com/aws/aws-cdk-go/awscdk/v2 v2.100.0/go.mod h1:YiTDqGNUGWRyjTxk8ARq25G+b0UI9K++5pnJRcyc/8s=
github.com/aws/aws-cdk-go/awscdk/v2 v2.103.1 h1:MGvfJf/mzWjZbvxUOLoOGqs1ufWFwbYN0tqdIcfhs4U=
github.com/aws/aws-cdk-go/awscdk/v2 v2.103.1/go.mod h1:YiTDqGNUGWRyjTxk8ARq25G+b0UI9K++5pnJRcyc/8s=
github.com/aws/aws-cdk-go/awscdk/v2 v2.106.0 h1:vtOXwzrU5JPXTzr0QWMBRwZyQBEBQH0rs2ir0nAJqVk=
github.com/aws/aws-cdk-go/awscdk/v2 v2.106.0/go.mod h1:NuvzNmRjbXEofQ35qpl8U+FtjiH+rNKFQXRzSWkOnI8=
github.com/aws/aws-cdk-go/awscdk/v2 v2.110.1 h1:BU6C8w95Y4wtv55sq+cnRxMypZA57iRTYYJAoA+aVV8=
github.com/aws/aws-cdk-go/awscdk/v2 v2.110.1/go.mod h1:NuvzNmRjbXEofQ35qpl8U+FtjiH+rNKFQXRzSWkOnI8=
github.com/aws/aws-cdk-go/awscdk/v2 v2.111.0 h1:JnGTHsoTNXDQmgxeqafR64Gx43dyFC/5zc5q5+uUuec=
github.com/aws/aws-cdk-go/awscdk/v2 v2.111.0/go.mod h1:NuvzNmRjbXEofQ35qpl8U+FtjiH+rNKFQXRzSWkOnI8=
github.com/aws/aws-cdk-go/awscdk/v2 v2.112.0 h1:RiTD9hLp5onxA9u8t6kJdmow81DS/nulxBrTRFE8CS0=
github.com/aws/aws-cdk-go/awscdk/v2 v2.112.0/go.mod h1:vPNcOhh47T85J52L+xUUZ91IBRvf5dFpe4s4cyiTn1E=
github.com/aws/constructs-go/constructs/v10 v10.1.189 h1:PmI42w6gXXcXBMZgx6KO0ndHb5xGyUcndV39/nPzxMU=
github.com/aws/constructs-go/constructs/v10 v10.1.189/go.mod h1:Jx57tX1dGJwvmOiqKPIZEUDPY9xKRCd1zag5cg1u5aw=
github.com/aws/constructs-go/constructs/v10 v10.1.209 h1:qExv2duAr/vdAUOfwFJ9J4N3Xf1ldWeRY4+38W6k0nE=
github.com/aws/constructs-go/constructs/v10 v10.1.209/go.mod h1:Jx57tX1dGJwvmOiqKPIZEUDPY9xKRCd1zag5cg1u5aw=
github.com/aws/constructs-go/constructs/v10 v10.1.216 h1:7CbFxlA8UET9MwB9D6ylnlkMapqFsGcnbFaYyIsw40I=
github.com/aws/constructs-go/constructs/v10 v10.1.216/go.mod h1:VEBihwbAahg1Y5bAma05g20t+OeBjLuTnWecZ8/jsSQ=
github.com/aws/constructs-go/constructs/v10 v10.1.235 h1:zm45fOuxw69mljpGljMyVnUj4Euca+TMoLMqvNVnKqU=
github.com/aws/constructs-go/constructs/v10 v10.1.235/go.mod h1:NQCsWiRt2o0knY6ZhoQqJXQuvVOPuWOijrVWJH+FEzE=
github.com/aws/constructs-go/constructs/v10 v10.1.237 h1:HzCkJhP2TUIcIHSKhLY+dSfGDV3O/z+nhBd0qVM1dIc=
github.com/aws/constructs-go/constructs/v10 v10.1.237/go.mod h1:NQCsWiRt2o0knY6ZhoQqJXQuvVOPuWOijrVWJH+FEzE=
github.com/aws/constructs-go/constructs/v10 v10.1.249 h1:zlmGqbMdlOQMePB++ziVIr33EM/tRMeRHoRA0TUi8Xg=
github.com/aws/constructs-go/constructs/v10 v10.1.249/go.mod h1:NQCsWiRt2o0knY6ZhoQqJXQuvVOPuWOijrVWJH+FEzE=
github.com/aws/constructs-go/constructs/v10 v10.1.252 h1:lithB2g+jVDlXqJL5rVMYx2iQStWh7cpZlAi63fTWvA=
github.com/aws/constructs-go/constructs/v10 v10.1.252/go.mod h1:DCdBSjN04Ck2pajCacTD4RKFqSA7Utya8d62XreYctI=
github.com/aws/constructs-go/constructs/v10 v10.1.264 h1:9rSZpmOV65fSAUtSiLLi0T9gvLIJApm2p/JgNiryVd4=
github.com/aws/constructs-go/constructs/v10 v10.1.264/go.mod h1:H7d+FYvledkYjLK+8cUqu+gMD5sA6VoMMbvVzLNzu98=
github.com/aws/constructs-go/constructs/v10 v10.1.270 h1:MDjG2YpaauSCjl230HLRo+AD6vNclPv148zkFEn4cSc=
github.com/aws/constructs-go/constructs/v10 v10.1.270/go.mod h1:0kRYiOOoiEo4YOzVYzonyhdYs78G89qLl0YeasyIONA=
github.com/aws/constructs-go/constructs/v10 v10.2.17 h1:CDb8YgswE+JvHgC5uDe8tueAP8ThmiBsdowvtjqwl7k=
github.com/aws/constructs-go/constructs/v10 v10.2.17/go.mod h1:sFQf3cm+dibw1DxQXZa+m7HYiTQ3yE9qveP+Ux3m4WE=
github.com/aws/constructs-go/constructs/v10 v10.2.26 h1:mAZE2LDalT/1ySrQZEl54hzghsySWosLxWYo+5b+/3U=
github.com/aws/constructs-go/constructs/v10 v10.2.26/go.mod h1:auRY1XPWnLxvn5fR3sZ9SsYOxH/BCQC697s4Yw8B7tk=
github.com/aws/constructs-go/constructs/v10 v10.2.54 h1:tT/vTnJtlXtigHtHJXvSpiahGUa0flOIrZ0Eq8kA0aI=
github.com/aws/constructs-go/constructs/v10 v10.2.54/go.mod h1:5WfHPfZkNfuz2sOaSNZPhtKr2bofB0M3/0i8ty3xuW8=
github.com/aws/constructs-go/constructs/v10 v10.2.55 h1:wAnWw8jF92ghvAN6/ffxspLoNKyJXACzvuSxOd1F1Js=
github.com/aws/constructs-go/constructs/v10 v10.2.55/go.mod h1:5WfHPfZkNfuz2sOaSNZPhtKr2bofB0M3/0i8ty3xuW8=
github.com/aws/constructs-go/constructs/v10 v10.2.69 h1:XW89VuKlwwzgU77Nyzj30SPn2SFtDYkzfF+QN84b5bQ=
github.com/aws/constructs-go/constructs/v10 v10.2.69/go.mod h1:5WfHPfZkNfuz2sOaSNZPhtKr2bofB0M3/0i8ty3xuW8=
github.com/aws/constructs-go/constructs/v10 v10.2.70 h1:CuKeOwf27CzGUt8XxOZStFSOVZ7An5XpCzxvqUk8zW4=
github.com/aws/constructs-go/constructs/v10 v10.2.70/go.mod h1:Jnh2jtqYQBjifA5+03aJmnIItEcjqAgMBJ8iZpFjNRE=
github.com/aws/constructs-go/constructs/v10 v10.3.0 h1:LsjBIMiaDX/vqrXWhzTquBJ9pPdi02/H+z1DCwg0PEM=
github.com/aws/constructs-go/constructs/v10 v10.3.0/go.mod h1:GgzwIwoRJ2UYsr3SU+JhAl+gq5j39bEMYf8ev3J+s9s=
github.com/aws/jsii-runtime-go v1.72.0 h1:5jMBCUu/qINj0hSt08gkyVyKRbrRBb9RV8ETGxTb+lo=
github.com/aws/jsii-runtime-go v1.72.0/go.mod h1:lExVNqTnEcbS/NMnuovDrHohgmPK3IsGdqvaYLA+N1s=
github.com/aws/jsii-runtime-go v1.73.0 h1:4ncTOPq5SAHI0KgkP1ZdH49hRYVE3VCOZKqtilvvbnc=
github.com/aws/jsii-runtime-go v1.73.0/go.mod h1:Li7bq0fd6cg3hbRmYQf3l2VOF9dRwF9fLk3GgHOsHVQ=
github.com/aws/jsii-runtime-go v1.74.0 h1:8Ol3FA5PaBbJbCKTQhrqfImUHsfm3ClxFc5011fqjZo=
github.com/aws/jsii-runtime-go v1.74.0/go.mod h1:a4Kwj7hIHXOVtFE2swJTSb5Om9bVY3EorQRnyRyfmME=
github.com/aws/jsii-runtime-go v1.75.0 h1:NhpUfyiL7/wsRuUekFsz8FFBCYLfPD/l61kKg9kL/a4=
github.com/aws/jsii-runtime-go v1.75.0/go.mod h1:TKCyrtM0pygEPo4rDZzbMSDNCDNTSYSN6/mGyHI6O3I=
github.com/aws/jsii-runtime-go v1.76.0 h1:LGkSEhyVgZTAN2axMdGNwpVk+DIJ8jg7iUn9gy7h74k=
github.com/aws/jsii-runtime-go v1.76.0/go.mod h1:1YWJ9VJ3bwe03Nsq2rsGFA0uQIiJZo0FEKfxK6j7cGg=
github.com/aws/jsii-runtime-go v1.77.0 h1:jhb0H395us+QzIG3yUuzgoP63cL2YQPnSlMQ572WoYM=
github.com/aws/jsii-runtime-go v1.77.0/go.mod h1:1YWJ9VJ3bwe03Nsq2rsGFA0uQIiJZo0FEKfxK6j7cGg=
github.com/aws/jsii-runtime-go v1.78.1 h1:3yZi/iUlqe7SVLgbbEMge1vC4QxCC8vsgnuNENE9Qhk=
github.com/aws/jsii-runtime-go v1.78.1/go.mod h1:4IGCggNIyxe54k/INmsXrEjx9hUYQGw2W7a1I5x6l78=
github.com/aws/jsii-runtime-go v1.80.0 h1:INbbvOdx/UV/+qH4cGmKStCWL4SrEoRwF34nR/3b8tE=
github.com/aws/jsii-runtime-go v1.80.0/go.mod h1:bV9T+Vxxczx5bK5CKZraDQS+enxb1sgdjAo/AhePGlM=
github.com/aws/jsii-runtime-go v1.81.0 h1:/8w1btK2Qy+gH0g/nUQ4z5ugvkWZENgHnKAAyjGwio8=
github.com/aws/jsii-runtime-go v1.81.0/go.mod h1:jcw8fMGc0z+jAZM6x7QAti8IYUUgpxnV5BxZsrXIT9M=
github.com/aws/jsii-runtime-go v1.82.0 h1:3AvIUuyDrOcsU2dff0VEsaXZzjDWrdm+gqywZZHplDg=
github.com/aws/jsii-runtime-go v1.82.0/go.mod h1:HQd+Our7CkDR0olEp5zmz3mO3LdR3dWXeE+/qASfWaY=
github.com/aws/jsii-runtime-go v1.84.0 h1:ZvOKkGKQBZC8qrlM3qi2hXnbnqI64o3WtVw5ZVd/q9s=
github.com/aws/jsii-runtime-go v1.84.0/go.mod h1:sZ4/oNiaZBQFkzGWZYvqo/85M0EitkFa8SEEEMECt4w=
github.com/aws/jsii-runtime-go v1.85.0 h1:oRK9X0YSo31iHW6JqQceO9q59W4Jke8t6NabiMf1r5M=
github.com/aws/jsii-runtime-go v1.85.0/go.mod h1:4onTREXyqS1dVxkaFhHn2eJ58LKhJGVp2pQBhOw27aY=
github.com/aws/jsii-runtime-go v1.86.0 h1:wLkZ5Y2eiKJvFiExXLshhYdlx5qvbgq12FGAOp4YSxQ=
github.com/aws/jsii-runtime-go v1.86.0/go.mod h1:4onTREXyqS1dVxkaFhHn2eJ58LKhJGVp2pQBhOw27aY=
github.com/aws/jsii-runtime-go v1.87.0 h1:C8BMeDgDz4IcDvgKFPMDt2OUGsTiANVu/YZGtwUoJqE=
github.com/aws/jsii-runtime-go v1.87.0/go.mod h1:rIisDqmDOviluOfibmnvjr1I9u2EFcbWLWUjOXy9/Ms=
github.com/aws/jsii-runtime-go v1.88.0 h1:1qJ9Ane+oxTt1c3xkpDE5YIv53MzKDKYcAr70lAxT/Q=
github.com/aws/jsii-runtime-go v1.88.0/go.mod h1:rIisDqmDOviluOfibmnvjr1I9u2EFcbWLWUjOXy9/Ms=
github.com/aws/jsii-runtime-go v1.89.0 h1:1HKw9LyE8lOM9iMiSzVOUAVeUInTNhOyoxQrVVRbSFk=
github.com/aws/jsii-runtime-go v1.89.0/go.mod h1:Jkx2jjw8wKQdQYzwh+JDDGy3MRPwKqDCeSvW6WWubi0=
github.com/aws/jsii-runtime-go v1.91.0 h1:KJAgMbRY7/Cp2ocV5rIf4GmLBiFYYAMYVDeAebP2kfE=
github.com/aws/jsii-runtime-go v1.91.0/go.mod h1:xLBI2fKjWK68+eqqmvkv4HL1f4YUPLiAi5BT3wNUD74=
github.com/aws/jsii-runtime-go v1.92.0 h1:2Uk81AmgQ+p1tkRpcA01XXiqrXcaGIyTZS6HGY2ni6w=
github.com/aws/jsii-runtime-go v1.92.0/go.mod h1:nwCGoF0yOzfgXL3B47zRS30rSskPQFkPFqZgEyMQ59I=
github.com/cdklabs/awscdk-asset-awscli-go/awscliv1/v2 v2.2.30 h1:ryT4dP31QvXF7SO3mij6ir+8JBRaHyv1NSd2seUgpH4=
github.com/cdklabs/awscdk-asset-awscli-go/awscliv1/v2 v2.2.30/go.mod h1:tlNrUd0+vEvsVTA0C1lE0p2txRPrnK53kb44hCuxdDI=
github.com/cdklabs/awscdk-asset-awscli-go/awscliv1/v2 v2.2.49 h1:B4SHdaXpWWDcaX1uiLY8EZBqSkNkTVn8tIWjgupFuvY=
github.com/cdklabs/awscdk-asset-awscli-go/awscliv1/v2 v2.2.49/go.mod h1:tlNrUd0+vEvsVTA0C1lE0p2txRPrnK53kb44hCuxdDI=
github.com/cdklabs/awscdk-asset-awscli-go/awscliv1/v2 v2.2.52 h1:7Dxm/vUUDpTiwA8A+1kNalfQUxxv4PE0koAqXM/2yKo=
github.com/cdklabs/awscdk-asset-awscli-go/awscliv1/v2 v2.2.52/go.mod h1:6YA9iy+L7sMv01drwaY/hJtzxsfhZUaXP0M3BtTpSEQ=
github.com/cdklabs/awscdk-asset-awscli-go/awscliv1/v2 v2.2.66 h1:MH6Drq9BNJ/pCAxH1Z/C9YMin/Y+Xx1TcYD8kEQ6fg0=
github.com/cdklabs/awscdk-asset-awscli-go/awscliv1/v2 v2.2.66/go.mod h1:p82hlm5FlyE6brOEzGFX7qCutSS6ENYZq8cfmdxnz7c=
github.com/cdklabs/awscdk-asset-awscli-go/awscliv1/v2 v2.2.69 h1:tBYkXsZV9awN2CqX+bLaNlVoxCEY5+RwWXjdv/9l5ko=
github.com/cdklabs/awscdk-asset-awscli-go/awscliv1/v2 v2.2.69/go.mod h1:FqlSJCY2fCFV9nJIba7v5atWvW1rcAQzriPaxIAoOOs=
github.com/cdklabs/awscdk-asset-awscli-go/awscliv1/v2 v2.2.85 h1:jBShDV9n1+A4UBPL/C6j8i5r5/CTdu6sfDY/AC3kn2g=
github.com/cdklabs/awscdk-asset-awscli-go/awscliv1/v2 v2.2.85/go.mod h1:nvX6KMbARCyDZKawXh7LoWP4GYtKNQs2gzl9OPOKCq8=
github.com/cdklabs/awscdk-asset-awscli-go/awscliv1/v2 v2.2.97 h1:djh/IxEOenTcd3r5PqdI/oG+0DejpcDFgc7YzCjVQW4=
github.com/cdklabs/awscdk-asset-awscli-go/awscliv1/v2 v2.2.97/go.mod h1:PkuOc2PJS/vvkezj7ROedaZ9RrIH6BFy07izhAn4ZQ8=
github.com/cdklabs/awscdk-asset-awscli-go/awscliv1/v2 v2.2.165 h1:oQaRRZP7PGnGjVbWdT+rO3RNbg6G4zcywcitpqd9Uzo=
github.com/cdklabs/awscdk-asset-awscli-go/awscliv1/v2 v2.2.165/go.mod h1:9C2/RJqB6OU4j+G4MPx/p6sNQauLsr8/xeSAacytVU8=
github.com/cdklabs/awscdk-asset-awscli-go/awscliv1/v2 v2.2.177 h1:NwrkIwocyYMzEb+FUnkmAR92ZbPdDFx6H3YkzGThJIE=
github.com/cdklabs/awscdk-asset-awscli-go/awscliv1/v2 v2.2.177/go.mod h1:zi5wzxD1EhDSZ2DIt9OBRgu5N0ouyaLbBwBDpjM9D1I=
github.com/cdklabs/awscdk-asset-awscli-go/awscliv1/v2 v2.2.195 h1:IKje91xfTkxmmHTSz4sk1YLctES+iLZ7VSExUc1aJdg=
github.com/cdklabs/awscdk-asset-awscli-go/awscliv1/v2 v2.2.195/go.mod h1:sx6+u9s3UHyhm9BGrkGdQgNA0Ni5ekbJ9hW2Gupvoy0=
github.com/cdklabs/awscdk-asset-awscli-go/awscliv1/v2 v2.2.198 h1:xTRd4p1LsJGkL/W9rNNeNSZiUm8jasDvKMIbXX2tTfU=
github.com/cdklabs/awscdk-asset-awscli-go/awscliv1/v2 v2.2.198/go.mod h1:sx6+u9s3UHyhm9BGrkGdQgNA0Ni5ekbJ9hW2Gupvoy0=
github.com/cdklabs/awscdk-asset-awscli-go/awscliv1/v2 v2.2.200 h1:CwkS78cin4h5A3IaDcL69GrBI1HgTEB/xtECTf1luCc=
github.com/cdklabs/awscdk-asset-awscli-go/awscliv1/v2 v2.2.200/go.mod h1:sx6+u9s3UHyhm9BGrkGdQgNA0Ni5ekbJ9hW2Gupvoy0=
github.com/cdklabs/awscdk-asset-awscli-go/awscliv1/v2 v2.2.201 h1:0za9Qxne1jWawrxUnoli/zDVgBptS5nZpFrdLmxP5wA=
github.com/cdklabs/awscdk-asset-awscli-go/awscliv1/v2 v2.2.201/go.mod h1:SrEoz1cauDlwKmCqgcE6JsfbW54xuz0R5O5IADdjUHo=
github.com/cdklabs/awscdk-asset-kubectl-go/kubectlv20/v2 v2.1.1 h1:l5N27aCCjAB5cgW5pI4/ujnasPL8hUcJ9KBxrKk6UiQ=
github.com/cdklabs/awscdk-asset-kubectl-go/kubectlv20/v2 v2.1.1/go.mod h1:CvFHBo0qcg8LUkJqIxQtP1rD/sNGv9bX3L2vHT2FUAo=
github.com/cdklabs/awscdk-asset-kubectl-go/kubectlv20/v2 v2.1.2 h1:k+WD+6cERd59Mao84v0QtRrcdZuuSMfzlEmuIypKnVs=
github.com/cdklabs/awscdk-asset-kubectl-go/kubectlv20/v2 v2.1.2/go.mod h1:CvFHBo0qcg8LUkJqIxQtP1rD/sNGv9bX3L2vHT2FUAo=
github.com/cdklabs/awscdk-asset-node-proxy-agent-go/nodeproxyagentv5/v2 v2.0.38 h1:IgRq7F3odfHx5cnb+ejlMV+jGTmNOH7pJnSt8ownfvc=
github.com/cdklabs/awscdk-asset-node-proxy-agent-go/nodeproxyagentv5/v2 v2.0.38/go.mod h1:nh+vhRCLVkw4XOCpller0iKwUxQSs7PbRZnaQ4WoqSw=
github.com/cdklabs/awscdk-asset-node-proxy-agent-go/nodeproxyagentv5/v2 v2.0.42 h1:egSFV3b26BddgDs/PySpmgEB2YZYJWZT0dKXXnyoAbg=
github.com/cdklabs/awscdk-asset-node-proxy-agent-go/nodeproxyagentv5/v2 v2.0.42/go.mod h1:SWNTwiQdfSroDD4A7latQE2vioYXujeW15t58XBy0sE=
github.com/cdklabs/awscdk-asset-node-proxy-agent-go/nodeproxyagentv5/v2 v2.0.55 h1:9PaJRn6vOlIp/SkNN0Y+cNkQ15KRSc3eb6XkcEXUts4=
github.com/cdklabs/awscdk-asset-node-proxy-agent-go/nodeproxyagentv5/v2 v2.0.55/go.mod h1:MS7Ybp9jA3HhDp4/ahe2hUFrUcqRR8eUPv8g+Xb7snw=
github.com/cdklabs/awscdk-asset-node-proxy-agent-go/nodeproxyagentv5/v2 v2.0.58 h1:B3Ni87y53kiRaP5PtSgwJg62K2xlphbRNDHbw20Ed7g=
github.com/cdklabs/awscdk-asset-node-proxy-agent-go/nodeproxyagentv5/v2 v2.0.58/go.mod h1:XgZTTBL1l2C60ABdR0VEVz4wNvlFI1Rm2Yr8YXdM/4Q=
github.com/cdklabs/awscdk-asset-node-proxy-agent-go/nodeproxyagentv5/v2 v2.0.71 h1:w+FklmvxhlhA+lUbruXHNdLXqBhPBXZ0ZoFso++H1/8=
github.com/cdklabs/awscdk-asset-node-proxy-agent-go/nodeproxyagentv5/v2 v2.0.71/go.mod h1:ZB4c64jFJQ+AlbT/4PyAXD0tBKtHijCYPuTn7x7NKro=
github.com/cdklabs/awscdk-asset-node-proxy-agent-go/nodeproxyagentv5/v2 v2.0.77 h1:Dz48ATZZyiWfGc93tUyCZh7Aoquno5G7g/azPYnlRdI=
github.com/cdklabs/awscdk-asset-node-proxy-agent-go/nodeproxyagentv5/v2 v2.0.77/go.mod h1:xuNRPgwJuKObjPrOjEI7kv7A0Z8F1lNiwSdCEFJQfMc=
github.com/cdklabs/awscdk-asset-node-proxy-agent-go/nodeproxyagentv5/v2 v2.0.139 h1:/B9rZrreyE+uzPr+27aYe23ZyVeUx3g2MIuY7RZ5ssQ=
github.com/cdklabs/awscdk-asset-node-proxy-agent-go/nodeproxyagentv5/v2 v2.0.139/go.mod h1:qQDQrtZoVB1KTN/m6HJswaL7RMHAj8QCV8NGU5gDIE0=
github.com/cdklabs/awscdk-asset-node-proxy-agent-go/nodeproxyagentv5/v2 v2.0.148 h1:EYJf4AJZu3dfRi1kUGL/KYpB8oGM7YiAO5gduSk6428=
github.com/cdklabs/awscdk-asset-node-proxy-agent-go/nodeproxyagentv5/v2 v2.0.148/go.mod h1:ijFFZkl36TAyu4+h1Abbo8aKUpIzKaDEfXr+LjbaGOA=
github.com/cdklabs/awscdk-asset-node-proxy-agent-go/nodeproxyagentv5/v2 v2.0.165 h1:MLTox0QJa+93VCqhuwILkvbGqVQp6S1U6vDj0dBl8z8=
github.com/cdklabs/awscdk-asset-node-proxy-agent-go/nodeproxyagentv5/v2 v2.0.165/go.mod h1:+1vuQEfIi7wPBy//nNKy6Lofdn5iASiDBJ+YJcSjbEA=
github.com/cdklabs/awscdk-asset-node-proxy-agent-go/nodeproxyagentv5/v2 v2.0.166 h1:U5yXUyaDEDYyMkXys8T8p+xXnNtrpj8meSjyzMvi87g=
github.com/cdklabs/awscdk-asset-node-proxy-agent-go/nodeproxyagentv5/v2 v2.0.166/go.mod h1:gRo8jRhn3XwNiy2v47yITrKFM/OPK1Mv9U9fKq5d6lI=
github.com/cdklabs/awscdk-asset-node-proxy-agent-go/nodeproxyagentv6/v2 v2.0.1 h1:MBBQNKKPJ5GArbctgwpiCy7KmwGjHDjUUH5wEzwIq8w=
github.com/cdklabs/awscdk-asset-node-proxy-agent-go/nodeproxyagentv6/v2 v2.0.1/go.mod h1:/2WiXEft9s8ViJjD01CJqDuyJ8HXBjhBLtK5OvJfdSc=
